
Microsoft Visual Studio Solution File, Format Version 12.00
# Visual Studio Version 16
VisualStudioVersion = 16.0.31624.102
MinimumVisualStudioVersion = 10.0.40219.1
Project("{FAE04EC0-301F-11D3-BF4B-00C04F79EFBC}") = "Lection13", "Lection13\Lection13.csproj", "{3B188031-4756-4710-B2EF-F068EB451F25}"
EndProject
Project("{FAE04EC0-301F-11D3-BF4B-00C04F79EFBC}") = "MMOLibrary", "MMOLibrary\MMOLibrary.csproj", "{C4264366-3E87-4710-BE5F-FDD6FF11C79C}"
EndProject
Global
	GlobalSection(SolutionConfigurationPlatforms) = preSolution
		Debug|Any CPU = Debug|Any CPU
		Release|Any CPU = Release|Any CPU
	EndGlobalSection
	GlobalSection(ProjectConfigurationPlatforms) = postSolution
		{3B188031-4756-4710-B2EF-F068EB451F25}.Debug|Any CPU.ActiveCfg = Debug|Any CPU
		{3B188031-4756-4710-B2EF-F068EB451F25}.Debug|Any CPU.Build.0 = Debug|Any CPU
		{3B188031-4756-4710-B2EF-F068EB451F25}.Release|Any CPU.ActiveCfg = Release|Any CPU
		{3B188031-4756-4710-B2EF-F068EB451F25}.Release|Any CPU.Build.0 = Release|Any CPU
		{C4264366-3E87-4710-BE5F-FDD6FF11C79C}.Debug|Any CPU.ActiveCfg = Debug|Any CPU
		{C4264366-3E87-4710-BE5F-FDD6FF11C79C}.Debug|Any CPU.Build.0 = Debug|Any CPU
		{C4264366-3E87-4710-BE5F-FDD6FF11C79C}.Release|Any CPU.ActiveCfg = Release|Any CPU
		{C4264366-3E87-4710-BE5F-FDD6FF11C79C}.Release|Any CPU.Build.0 = Release|Any CPU
	EndGlobalSection
	GlobalSection(SolutionProperties) = preSolution
		HideSolutionNode = FALSE
	EndGlobalSection
	GlobalSection(ExtensibilityGlobals) = postSolution
		SolutionGuid = {6E5E6D5E-FFC4-431C-9967-40ED7E01E715}
	EndGlobalSection
EndGlobal
